
Microsoft Visual Studio Solution File, Format Version 12.00
# Visual Studio Version 16
VisualStudioVersion = 16.0.30011.22
MinimumVisualStudioVersion = 10.0.40219.1
Project("{FAE04EC0-301F-11D3-BF4B-00C04F79EFBC}") = "HH to Social", "HH to Social\HH to Social.csproj", "{1CCA5546-1870-4E01-9244-F3F503E6C494}"
EndProject
Global
	GlobalSection(SolutionConfigurationPlatforms) = preSolution
		Debug|Any CPU = Debug|Any CPU
		Release|Any CPU = Release|Any CPU
	EndGlobalSection
	GlobalSection(ProjectConfigurationPlatforms) = postSolution
		{1CCA5546-1870-4E01-9244-F3F503E6C494}.Debug|Any CPU.ActiveCfg = Debug|Any CPU
		{1CCA5546-1870-4E01-9244-F3F503E6C494}.Debug|Any CPU.Build.0 = Debug|Any CPU
		{1CCA5546-1870-4E01-9244-F3F503E6C494}.Release|Any CPU.ActiveCfg = Release|Any CPU
		{1CCA5546-1870-4E01-9244-F3F503E6C494}.Release|Any CPU.Build.0 = Release|Any CPU
	EndGlobalSection
	GlobalSection(SolutionProperties) = preSolution
		HideSolutionNode = FALSE
	EndGlobalSection
	GlobalSection(ExtensibilityGlobals) = postSolution
		SolutionGuid = {4FB559F4-0CB7-4615-9185-FA67435EC5D1}
	EndGlobalSection
EndGlobal
